// !$*UTF8*$!
{
	archiveVersion = 1;
	classes = {
	};
	objectVersion = 50;
	objects = {

/* Begin PBXBuildFile section */
		8C7809E822124A9F00DBCD09 /* AppDelegate.swift in Sources */ = {isa = PBXBuildFile; fileRef = 8C7809E722124A9F00DBCD09 /* AppDelegate.swift */; };
		8C7809EA22124A9F00DBCD09 /* ViewController.swift in Sources */ = {isa = PBXBuildFile; fileRef = 8C7809E922124A9F00DBCD09 /* ViewController.swift */; };
		8C7809ED22124A9F00DBCD09 /* Main.storyboard in Resources */ = {isa = PBXBuildFile; fileRef = 8C7809EB22124A9F00DBCD09 /* Main.storyboard */; };
		8C7809EF22124AA200DBCD09 /* Assets.xcassets in Resources */ = {isa = PBXBuildFile; fileRef = 8C7809EE22124AA200DBCD09 /* Assets.xcassets */; };
		8C7809F222124AA200DBCD09 /* LaunchScreen.storyboard in Resources */ = {isa = PBXBuildFile; fileRef = 8C7809F022124AA200DBCD09 /* LaunchScreen.storyboard */; };
		8C7809FA22124ABD00DBCD09 /* Coordinator.swift in Sources */ = {isa = PBXBuildFile; fileRef = 8C7809F922124ABD00DBCD09 /* Coordinator.swift */; };
		8C7809FC22124B5D00DBCD09 /* MainCoordinator.swift in Sources */ = {isa = PBXBuildFile; fileRef = 8C7809FB22124B5D00DBCD09 /* MainCoordinator.swift */; };
		8C7809FE22124BC400DBCD09 /* Storyboarded.swift in Sources */ = {isa = PBXBuildFile; fileRef = 8C7809FD22124BC400DBCD09 /* Storyboarded.swift */; };
		8C780A002212505600DBCD09 /* BuyItemViewController.swift in Sources */ = {isa = PBXBuildFile; fileRef = 8C7809FF2212505600DBCD09 /* BuyItemViewController.swift */; };
		8C780A022212506500DBCD09 /* CreateAccountViewController.swift in Sources */ = {isa = PBXBuildFile; fileRef = 8C780A012212506500DBCD09 /* CreateAccountViewController.swift */; };
/* End PBXBuildFile section */

/* Begin PBXFileReference section */
		8C7809E422124A9F00DBCD09 /* Coordinators Explored.app */ = {isa = PBXFileReference; explicitFileType = wrapper.application; includeInIndex = 0; path = "Coordinators Explored.app"; sourceTree = BUILT_PRODUCTS_DIR; };
		8C7809E722124A9F00DBCD09 /* AppDelegate.swift */ = {isa = PBXFileReference; lastKnownFileType = sourcecode.swift; path = AppDelegate.swift; sourceTree = "<group>"; };
		8C7809E922124A9F00DBCD09 /* ViewController.swift */ = {isa = PBXFileReference; lastKnownFileType = sourcecode.swift; path = ViewController.swift; sourceTree = "<group>"; };
		8C7809EC22124A9F00DBCD09 /* Base */ = {isa = PBXFileReference; lastKnownFileType = file.storyboard; name = Base; path = Base.lproj/Main.storyboard; sourceTree = "<group>"; };
		8C7809EE22124AA200DBCD09 /* Assets.xcassets */ = {isa = PBXFileReference; lastKnownFileType = folder.assetcatalog; path = Assets.xcassets; sourceTree = "<group>"; };
		8C7809F122124AA200DBCD09 /* Base */ = {isa = PBXFileReference; lastKnownFileType = file.storyboard; name = Base; path = Base.lproj/LaunchScreen.storyboard; sourceTree = "<group>"; };
		8C7809F322124AA200DBCD09 /* Info.plist */ = {isa = PBXFileReference; lastKnownFileType = text.plist.xml; path = Info.plist; sourceTree = "<group>"; };
		8C7809F922124ABD00DBCD09 /* Coordinator.swift */ = {isa = PBXFileReference; lastKnownFileType = sourcecode.swift; path = Coordinator.swift; sourceTree = "<group>"; };
		8C7809FB22124B5D00DBCD09 /* MainCoordinator.swift */ = {isa = PBXFileReference; lastKnownFileType = sourcecode.swift; path = MainCoordinator.swift; sourceTree = "<group>"; };
		8C7809FD22124BC400DBCD09 /* Storyboarded.swift */ = {isa = PBXFileReference; lastKnownFileType = sourcecode.swift; path = Storyboarded.swift; sourceTree = "<group>"; };
		8C7809FF2212505600DBCD09 /* BuyItemViewController.swift */ = {isa = PBXFileReference; lastKnownFileType = sourcecode.swift; path = BuyItemViewController.swift; sourceTree = "<group>"; };
		8C780A012212506500DBCD09 /* CreateAccountViewController.swift */ = {isa = PBXFileReference; lastKnownFileType = sourcecode.swift; path = CreateAccountViewController.swift; sourceTree = "<group>"; };
/* End PBXFileReference section */

/* Begin PBXFrameworksBuildPhase section */
		8C7809E122124A9F00DBCD09 /* Frameworks */ = {
			isa = PBXFrameworksBuildPhase;
			buildActionMask = 2147483647;
			files = (
			);
			runOnlyForDeploymentPostprocessing = 0;
		};
/* End PBXFrameworksBuildPhase section */

/* Begin PBXGroup section */
		8C7809DB22124A9F00DBCD09 = {
			isa = PBXGroup;
			children = (
				8C7809E622124A9F00DBCD09 /* Coordinators Explored */,
				8C7809E522124A9F00DBCD09 /* Products */,
			);
			sourceTree = "<group>";
		};
		8C7809E522124A9F00DBCD09 /* Products */ = {
			isa = PBXGroup;
			children = (
				8C7809E422124A9F00DBCD09 /* Coordinators Explored.app */,
			);
			name = Products;
			sourceTree = "<group>";
		};
		8C7809E622124A9F00DBCD09 /* Coordinators Explored */ = {
			isa = PBXGroup;
			children = (
				8C7809E722124A9F00DBCD09 /* AppDelegate.swift */,
				8C7809E922124A9F00DBCD09 /* ViewController.swift */,
				8C7809FF2212505600DBCD09 /* BuyItemViewController.swift */,
				8C780A012212506500DBCD09 /* CreateAccountViewController.swift */,
				8C7809F922124ABD00DBCD09 /* Coordinator.swift */,
				8C7809FB22124B5D00DBCD09 /* MainCoordinator.swift */,
				8C7809EB22124A9F00DBCD09 /* Main.storyboard */,
				8C7809EE22124AA200DBCD09 /* Assets.xcassets */,
				8C7809F022124AA200DBCD09 /* LaunchScreen.storyboard */,
				8C7809F322124AA200DBCD09 /* Info.plist */,
				8C7809FD22124BC400DBCD09 /* Storyboarded.swift */,
			);
			path = "Coordinators Explored";
			sourceTree = "<group>";
		};
/* End PBXGroup section */

/* Begin PBXNativeTarget section */
		8C7809E322124A9F00DBCD09 /* Coordinators Explored */ = {
			isa = PBXNativeTarget;
			buildConfigurationList = 8C7809F622124AA200DBCD09 /* Build configuration list for PBXNativeTarget "Coordinators Explored" */;
			buildPhases = (
				8C7809E022124A9F00DBCD09 /* Sources */,
				8C7809E122124A9F00DBCD09 /* Frameworks */,
				8C7809E222124A9F00DBCD09 /* Resources */,
			);
			buildRules = (
			);
			dependencies = (
			);
			name = "Coordinators Explored";
			productName = "Coordinators Explored";
			productReference = 8C7809E422124A9F00DBCD09 /* Coordinators Explored.app */;
			productType = "com.apple.product-type.application";
		};
/* End PBXNativeTarget section */

/* Begin PBXProject section */
		8C7809DC22124A9F00DBCD09 /* Project object */ = {
			isa = PBXProject;
			attributes = {
				LastSwiftUpdateCheck = 1010;
				LastUpgradeCheck = 1010;
				ORGANIZATIONNAME = "Charles Martin Reed";
				TargetAttributes = {
					8C7809E322124A9F00DBCD09 = {
						CreatedOnToolsVersion = 10.1;
					};
				};
			};
			buildConfigurationList = 8C7809DF22124A9F00DBCD09 /* Build configuration list for PBXProject "Coordinators Explored" */;
			compatibilityVersion = "Xcode 9.3";
			developmentRegion = en;
			hasScannedForEncodings = 0;
			knownRegions = (
				en,
				Base,
			);
			mainGroup = 8C7809DB22124A9F00DBCD09;
			productRefGroup = 8C7809E522124A9F00DBCD09 /* Products */;
			projectDirPath = "";
			projectRoot = "";
			targets = (
				8C7809E322124A9F00DBCD09 /* Coordinators Explored */,
			);
		};
/* End PBXProject section */

/* Begin PBXResourcesBuildPhase section */
		8C7809E222124A9F00DBCD09 /* Resources */ = {
			isa = PBXResourcesBuildPhase;
			buildActionMask = 2147483647;
			files = (
				8C7809F222124AA200DBCD09 /* LaunchScreen.storyboard in Resources */,
				8C7809EF22124AA200DBCD09 /* Assets.xcassets in Resources */,
				8C7809ED22124A9F00DBCD09 /* Main.storyboard in Resources */,
			);
			runOnlyForDeploymentPostprocessing = 0;
		};
/* End PBXResourcesBuildPhase section */

/* Begin PBXSourcesBuildPhase section */
		8C7809E022124A9F00DBCD09 /* Sources */ = {
			isa = PBXSourcesBuildPhase;
			buildActionMask = 2147483647;
			files = (
				8C780A022212506500DBCD09 /* CreateAccountViewController.swift in Sources */,
				8C780A002212505600DBCD09 /* BuyItemViewController.swift in Sources */,
				8C7809EA22124A9F00DBCD09 /* ViewController.swift in Sources */,
				8C7809FC22124B5D00DBCD09 /* MainCoordinator.swift in Sources */,
				8C7809FE22124BC400DBCD09 /* Storyboarded.swift in Sources */,
				8C7809E822124A9F00DBCD09 /* AppDelegate.swift in Sources */,
				8C7809FA22124ABD00DBCD09 /* Coordinator.swift in Sources */,
			);
			runOnlyForDeploymentPostprocessing = 0;
		};
/* End PBXSourcesBuildPhase section */

/* Begin PBXVariantGroup section */
		8C7809EB22124A9F00DBCD09 /* Main.storyboard */ = {
			isa = PBXVariantGroup;
			children = (
				8C7809EC22124A9F00DBCD09 /* Base */,
			);
			name = Main.storyboard;
			sourceTree = "<group>";
		};
		8C7809F022124AA200DBCD09 /* LaunchScreen.storyboard */ = {
			isa = PBXVariantGroup;
			children = (
				8C7809F122124AA200DBCD09 /* Base */,
			);
			name = LaunchScreen.storyboard;
			sourceTree = "<group>";
		};
/* End PBXVariantGroup section */

/* Begin XCBuildConfiguration section */
		8C7809F422124AA200DBCD09 /* Debug */ = {
			isa = XCBuildConfiguration;
			buildSettings = {
				ALWAYS_SEARCH_USER_PATHS = NO;
				CLANG_ANALYZER_NONNULL = YES;
				CLANG_ANALYZER_NUMBER_OBJECT_CONVERSION = YES_AGGRESSIVE;
				CLANG_CXX_LANGUAGE_STANDARD = "gnu++14";
				CLANG_CXX_LIBRARY = "libc++";
				CLANG_ENABLE_MODULES = YES;
				CLANG_ENABLE_OBJC_ARC = YES;
				CLANG_ENABLE_OBJC_WEAK = YES;
				CLANG_WARN_BLOCK_CAPTURE_AUTORELEASING = YES;
				CLANG_WARN_BOOL_CONVERSION = YES;
				CLANG_WARN_COMMA = YES;
				CLANG_WARN_CONSTANT_CONVERSION = YES;
				CLANG_WARN_DEPRECATED_OBJC_IMPLEMENTATIONS = YES;
				CLANG_WARN_DIRECT_OBJC_ISA_USAGE = YES_ERROR;
				CLANG_WARN_DOCUMENTATION_COMMENTS = YES;
				CLANG_WARN_EMPTY_BODY = YES;
				CLANG_WARN_ENUM_CONVERSION = YES;
				CLANG_WARN_INFINITE_RECURSION = YES;
				CLANG_WARN_INT_CONVERSION = YES;
				CLANG_WARN_NON_LITERAL_NULL_CONVERSION = YES;
				CLANG_WARN_OBJC_IMPLICIT_RETAIN_SELF = YES;
				CLANG_WARN_OBJC_LITERAL_CONVERSION = YES;
				CLANG_WARN_OBJC_ROOT_CLASS = YES_ERROR;
				CLANG_WARN_RANGE_LOOP_ANALYSIS = YES;
				CLANG_WARN_STRICT_PROTOTYPES = YES;
				CLANG_WARN_SUSPICIOUS_MOVE = YES;
				CLANG_WARN_UNGUARDED_AVAILABILITY = YES_AGGRESSIVE;
				CLANG_WARN_UNREACHABLE_CODE = YES;
				CLANG_WARN__DUPLICATE_METHOD_MATCH = YES;
				CODE_SIGN_IDENTITY = "iPhone Developer";
				COPY_PHASE_STRIP = NO;
				DEBUG_INFORMATION_FORMAT = dwarf;
				ENABLE_STRICT_OBJC_MSGSEND = YES;
				ENABLE_TESTABILITY = YES;
				GCC_C_LANGUAGE_STANDARD = gnu11;
				GCC_DYNAMIC_NO_PIC = NO;
				GCC_NO_COMMON_BLOCKS = YES;
				GCC_OPTIMIZATION_LEVEL = 0;
				GCC_PREPROCESSOR_DEFINITIONS = (
					"DEBUG=1",
					"$(inherited)",
				);
				GCC_WARN_64_TO_32_BIT_CONVERSION = YES;
				GCC_WARN_ABOUT_RETURN_TYPE = YES_ERROR;
				GCC_WARN_UNDECLARED_SELECTOR = YES;
				GCC_WARN_UNINITIALIZED_AUTOS = YES_AGGRESSIVE;
				GCC_WARN_UNUSED_FUNCTION = YES;
				GCC_WARN_UNUSED_VARIABLE = YES;
				IPHONEOS_DEPLOYMENT_TARGET = 12.1;
				MTL_ENABLE_DEBUG_INFO = INCLUDE_SOURCE;
				MTL_FAST_MATH = YES;
				ONLY_ACTIVE_ARCH = YES;
				SDKROOT = iphoneos;
				SWIFT_ACTIVE_COMPILATION_CONDITIONS = DEBUG;
				SWIFT_OPTIMIZATION_LEVEL = "-Onone";
			};
			name = Debug;
		};
		8C7809F522124AA200DBCD09 /* Release */ = {
			isa = XCBuildConfiguration;
			buildSettings = {
				ALWAYS_SEARCH_USER_PATHS = NO;
				CLANG_ANALYZER_NONNULL = YES;
				CLANG_ANALYZER_NUMBER_OBJECT_CONVERSION = YES_AGGRESSIVE;
				CLANG_CXX_LANGUAGE_STANDARD = "gnu++14";
				CLANG_CXX_LIBRARY = "libc++";
				CLANG_ENABLE_MODULES = YES;
				CLANG_ENABLE_OBJC_ARC = YES;
				CLANG_ENABLE_OBJC_WEAK = YES;
				CLANG_WARN_BLOCK_CAPTURE_AUTORELEASING = YES;
				CLANG_WARN_BOOL_CONVERSION = YES;
				CLANG_WARN_COMMA = YES;
				CLANG_WARN_CONSTANT_CONVERSION = YES;
				CLANG_WARN_DEPRECATED_OBJC_IMPLEMENTATIONS = YES;
				CLANG_WARN_DIRECT_OBJC_ISA_USAGE = YES_ERROR;
				CLANG_WARN_DOCUMENTATION_COMMENTS = YES;
				CLANG_WARN_EMPTY_BODY = YES;
				CLANG_WARN_ENUM_CONVERSION = YES;
				CLANG_WARN_INFINITE_RECURSION = YES;
				CLANG_WARN_INT_CONVERSION = YES;
				CLANG_WARN_NON_LITERAL_NULL_CONVERSION = YES;
				CLANG_WARN_OBJC_IMPLICIT_RETAIN_SELF = YES;
				CLANG_WARN_OBJC_LITERAL_CONVERSION = YES;
				CLANG_WARN_OBJC_ROOT_CLASS = YES_ERROR;
				CLANG_WARN_RANGE_LOOP_ANALYSIS = YES;
				CLANG_WARN_STRICT_PROTOTYPES = YES;
				CLANG_WARN_SUSPICIOUS_MOVE = YES;
				CLANG_WARN_UNGUARDED_AVAILABILITY = YES_AGGRESSIVE;
				CLANG_WARN_UNREACHABLE_CODE = YES;
				CLANG_WARN__DUPLICATE_METHOD_MATCH = YES;
				CODE_SIGN_IDENTITY = "iPhone Developer";
				COPY_PHASE_STRIP = NO;
				DEBUG_INFORMATION_FORMAT = "dwarf-with-dsym";
				ENABLE_NS_ASSERTIONS = NO;
				ENABLE_STRICT_OBJC_MSGSEND = YES;
				GCC_C_LANGUAGE_STANDARD = gnu11;
				GCC_NO_COMMON_BLOCKS = YES;
				GCC_WARN_64_TO_32_BIT_CONVERSION = YES;
				GCC_WARN_ABOUT_RETURN_TYPE = YES_ERROR;
				GCC_WARN_UNDECLARED_SELECTOR = YES;
				GCC_WARN_UNINITIALIZED_AUTOS = YES_AGGRESSIVE;
				GCC_WARN_UNUSED_FUNCTION = YES;
				GCC_WARN_UNUSED_VARIABLE = YES;
				IPHONEOS_DEPLOYMENT_TARGET = 12.1;
				MTL_ENABLE_DEBUG_INFO = NO;
				MTL_FAST_MATH = YES;
				SDKROOT = iphoneos;
				SWIFT_COMPILATION_MODE = wholemodule;
				SWIFT_OPTIMIZATION_LEVEL = "-O";
				VALIDATE_PRODUCT = YES;
			};
			name = Release;
		};
		8C7809F722124AA200DBCD09 /* Debug */ = {
			isa = XCBuildConfiguration;
			buildSettings = {
				ASSETCATALOG_COMPILER_APPICON_NAME = AppIcon;
				CODE_SIGN_STYLE = Automatic;
				INFOPLIST_FILE = "Coordinators Explored/Info.plist";
				LD_RUNPATH_SEARCH_PATHS = (
					"$(inherited)",
					"@executable_path/Frameworks",
				);
				PRODUCT_BUNDLE_IDENTIFIER = "com.charlesmartinreed.Coordinators-Explored";
				PRODUCT_NAME = "$(TARGET_NAME)";
				SWIFT_VERSION = 4.2;
				TARGETED_DEVICE_FAMILY = "1,2";
			};
			name = Debug;
		};
		8C7809F822124AA200DBCD09 /* Release */ = {
			isa = XCBuildConfiguration;
			buildSettings = {
				ASSETCATALOG_COMPILER_APPICON_NAME = AppIcon;
				CODE_SIGN_STYLE = Automatic;
				INFOPLIST_FILE = "Coordinators Explored/Info.plist";
				LD_RUNPATH_SEARCH_PATHS = (
					"$(inherited)",
					"@executable_path/Frameworks",
				);
				PRODUCT_BUNDLE_IDENTIFIER = "com.charlesmartinreed.Coordinators-Explored";
				PRODUCT_NAME = "$(TARGET_NAME)";
				SWIFT_VERSION = 4.2;
				TARGETED_DEVICE_FAMILY = "1,2";
			};
			name = Release;
		};
/* End XCBuildConfiguration section */

/* Begin XCConfigurationList section */
		8C7809DF22124A9F00DBCD09 /* Build configuration list for PBXProject "Coordinators Explored" */ = {
			isa = XCConfigurationList;
			buildConfigurations = (
				8C7809F422124AA200DBCD09 /* Debug */,
				8C7809F522124AA200DBCD09 /* Release */,
			);
			defaultConfigurationIsVisible = 0;
			defaultConfigurationName = Release;
		};
		8C7809F622124AA200DBCD09 /* Build configuration list for PBXNativeTarget "Coordinators Explored" */ = {
			isa = XCConfigurationList;
			buildConfigurations = (
				8C7809F722124AA200DBCD09 /* Debug */,
				8C7809F822124AA200DBCD09 /* Release */,
			);
			defaultConfigurationIsVisible = 0;
			defaultConfigurationName = Release;
		};
/* End XCConfigurationList section */
	};
	rootObject = 8C7809DC22124A9F00DBCD09 /* Project object */;
}
